
Microsoft Visual Studio Solution File, Format Version 12.00
Project("{FAE04EC0-301F-11D3-BF4B-00C04F79EFBC}") = "Pyroscope", "Pyroscope\Pyroscope.csproj", "{7DA9EFD3-9B8D-4DF4-A1D1-108D43B53BBD}"
EndProject
Project("{FAE04EC0-301F-11D3-BF4B-00C04F79EFBC}") = "Pyroscope.OpenTelemetry", "Pyroscope.OpenTelemetry\Pyroscope.OpenTelemetry.csproj", "{10D5C858-9B71-4520-AB1C-8BCD34C1C0F3}"
EndProject
Project("{FAE04EC0-301F-11D3-BF4B-00C04F79EFBC}") = "Pyroscope.OpenTracing", "Pyroscope.OpenTracing\Pyroscope.OpenTracing.csproj", "{EE938635-A1BC-493D-B55A-5E882C6E051B}"
EndProject
Project("{FAE04EC0-301F-11D3-BF4B-00C04F79EFBC}") = "Rideshare", "..\IntegrationTest\Rideshare.csproj", "{DE674D1A-430A-496A-A7DF-68C1E62763DE}"
EndProject
Project("{FAE04EC0-301F-11D3-BF4B-00C04F79EFBC}") = "Pyroscope.Benchmarks", "Pyroscope.Benchmarks\Pyroscope.Benchmarks.csproj", "{B96AF8FE-6275-4065-B5C0-F8BDEC1B8A02}"
EndProject
Project("{FAE04EC0-301F-11D3-BF4B-00C04F79EFBC}") = "Pyroscope.OpenTracing.Tests", "Pyroscope.OpenTracing.Tests\Pyroscope.OpenTracing.Tests.csproj", "{73535DAA-410C-4FA1-A941-A473C765AB1F}"
EndProject
Project("{FAE04EC0-301F-11D3-BF4B-00C04F79EFBC}") = "Pyroscope.OpenTelemetry.Tests", "Pyroscope.OpenTelemetry.Tests\Pyroscope.OpenTelemetry.Tests.csproj", "{9A722E40-3E87-4E62-B9BA-F676C803BD21}"
EndProject
Global
	GlobalSection(SolutionConfigurationPlatforms) = preSolution
		Debug|Any CPU = Debug|Any CPU
		Debug|x64 = Debug|x64
		Debug|x86 = Debug|x86
		Release|Any CPU = Release|Any CPU
		Release|x64 = Release|x64
		Release|x86 = Release|x86
	EndGlobalSection
	GlobalSection(ProjectConfigurationPlatforms) = postSolution
		{7DA9EFD3-9B8D-4DF4-A1D1-108D43B53BBD}.Debug|Any CPU.ActiveCfg = Debug|Any CPU
		{7DA9EFD3-9B8D-4DF4-A1D1-108D43B53BBD}.Debug|Any CPU.Build.0 = Debug|Any CPU
		{7DA9EFD3-9B8D-4DF4-A1D1-108D43B53BBD}.Debug|x64.ActiveCfg = Debug|Any CPU
		{7DA9EFD3-9B8D-4DF4-A1D1-108D43B53BBD}.Debug|x64.Build.0 = Debug|Any CPU
		{7DA9EFD3-9B8D-4DF4-A1D1-108D43B53BBD}.Debug|x86.ActiveCfg = Debug|Any CPU
		{7DA9EFD3-9B8D-4DF4-A1D1-108D43B53BBD}.Debug|x86.Build.0 = Debug|Any CPU
		{7DA9EFD3-9B8D-4DF4-A1D1-108D43B53BBD}.Release|Any CPU.ActiveCfg = Release|Any CPU
		{7DA9EFD3-9B8D-4DF4-A1D1-108D43B53BBD}.Release|Any CPU.Build.0 = Release|Any CPU
		{7DA9EFD3-9B8D-4DF4-A1D1-108D43B53BBD}.Release|x64.ActiveCfg = Release|Any CPU
		{7DA9EFD3-9B8D-4DF4-A1D1-108D43B53BBD}.Release|x64.Build.0 = Release|Any CPU
		{7DA9EFD3-9B8D-4DF4-A1D1-108D43B53BBD}.Release|x86.ActiveCfg = Release|Any CPU
		{7DA9EFD3-9B8D-4DF4-A1D1-108D43B53BBD}.Release|x86.Build.0 = Release|Any CPU
		{10D5C858-9B71-4520-AB1C-8BCD34C1C0F3}.Debug|Any CPU.ActiveCfg = Debug|Any CPU
		{10D5C858-9B71-4520-AB1C-8BCD34C1C0F3}.Debug|Any CPU.Build.0 = Debug|Any CPU
		{10D5C858-9B71-4520-AB1C-8BCD34C1C0F3}.Debug|x64.ActiveCfg = Debug|Any CPU
		{10D5C858-9B71-4520-AB1C-8BCD34C1C0F3}.Debug|x64.Build.0 = Debug|Any CPU
		{10D5C858-9B71-4520-AB1C-8BCD34C1C0F3}.Debug|x86.ActiveCfg = Debug|Any CPU
		{10D5C858-9B71-4520-AB1C-8BCD34C1C0F3}.Debug|x86.Build.0 = Debug|Any CPU
		{10D5C858-9B71-4520-AB1C-8BCD34C1C0F3}.Release|Any CPU.ActiveCfg = Release|Any CPU
		{10D5C858-9B71-4520-AB1C-8BCD34C1C0F3}.Release|Any CPU.Build.0 = Release|Any CPU
		{10D5C858-9B71-4520-AB1C-8BCD34C1C0F3}.Release|x64.ActiveCfg = Release|Any CPU
		{10D5C858-9B71-4520-AB1C-8BCD34C1C0F3}.Release|x64.Build.0 = Release|Any CPU
		{10D5C858-9B71-4520-AB1C-8BCD34C1C0F3}.Release|x86.ActiveCfg = Release|Any CPU
		{10D5C858-9B71-4520-AB1C-8BCD34C1C0F3}.Release|x86.Build.0 = Release|Any CPU
		{EE938635-A1BC-493D-B55A-5E882C6E051B}.Debug|Any CPU.ActiveCfg = Debug|Any CPU
		{EE938635-A1BC-493D-B55A-5E882C6E051B}.Debug|Any CPU.Build.0 = Debug|Any CPU
		{EE938635-A1BC-493D-B55A-5E882C6E051B}.Debug|x64.ActiveCfg = Debug|Any CPU
		{EE938635-A1BC-493D-B55A-5E882C6E051B}.Debug|x64.Build.0 = Debug|Any CPU
		{EE938635-A1BC-493D-B55A-5E882C6E051B}.Debug|x86.ActiveCfg = Debug|Any CPU
		{EE938635-A1BC-493D-B55A-5E882C6E051B}.Debug|x86.Build.0 = Debug|Any CPU
		{EE938635-A1BC-493D-B55A-5E882C6E051B}.Release|Any CPU.ActiveCfg = Release|Any CPU
		{EE938635-A1BC-493D-B55A-5E882C6E051B}.Release|Any CPU.Build.0 = Release|Any CPU
		{EE938635-A1BC-493D-B55A-5E882C6E051B}.Release|x64.ActiveCfg = Release|Any CPU
		{EE938635-A1BC-493D-B55A-5E882C6E051B}.Release|x64.Build.0 = Release|Any CPU
		{EE938635-A1BC-493D-B55A-5E882C6E051B}.Release|x86.ActiveCfg = Release|Any CPU
		{EE938635-A1BC-493D-B55A-5E882C6E051B}.Release|x86.Build.0 = Release|Any CPU
		{DE674D1A-430A-496A-A7DF-68C1E62763DE}.Debug|Any CPU.ActiveCfg = Debug|Any CPU
		{DE674D1A-430A-496A-A7DF-68C1E62763DE}.Debug|Any CPU.Build.0 = Debug|Any CPU
		{DE674D1A-430A-496A-A7DF-68C1E62763DE}.Debug|x64.ActiveCfg = Debug|Any CPU
		{DE674D1A-430A-496A-A7DF-68C1E62763DE}.Debug|x64.Build.0 = Debug|Any CPU
		{DE674D1A-430A-496A-A7DF-68C1E62763DE}.Debug|x86.ActiveCfg = Debug|Any CPU
		{DE674D1A-430A-496A-A7DF-68C1E62763DE}.Debug|x86.Build.0 = Debug|Any CPU
		{DE674D1A-430A-496A-A7DF-68C1E62763DE}.Release|Any CPU.ActiveCfg = Release|Any CPU
		{DE674D1A-430A-496A-A7DF-68C1E62763DE}.Release|Any CPU.Build.0 = Release|Any CPU
		{DE674D1A-430A-496A-A7DF-68C1E62763DE}.Release|x64.ActiveCfg = Release|Any CPU
		{DE674D1A-430A-496A-A7DF-68C1E62763DE}.Release|x64.Build.0 = Release|Any CPU
		{DE674D1A-430A-496A-A7DF-68C1E62763DE}.Release|x86.ActiveCfg = Release|Any CPU
		{DE674D1A-430A-496A-A7DF-68C1E62763DE}.Release|x86.Build.0 = Release|Any CPU
		{B96AF8FE-6275-4065-B5C0-F8BDEC1B8A02}.Debug|Any CPU.ActiveCfg = Debug|Any CPU
		{B96AF8FE-6275-4065-B5C0-F8BDEC1B8A02}.Debug|Any CPU.Build.0 = Debug|Any CPU
		{B96AF8FE-6275-4065-B5C0-F8BDEC1B8A02}.Debug|x64.ActiveCfg = Debug|Any CPU
		{B96AF8FE-6275-4065-B5C0-F8BDEC1B8A02}.Debug|x64.Build.0 = Debug|Any CPU
		{B96AF8FE-6275-4065-B5C0-F8BDEC1B8A02}.Debug|x86.ActiveCfg = Debug|Any CPU
		{B96AF8FE-6275-4065-B5C0-F8BDEC1B8A02}.Debug|x86.Build.0 = Debug|Any CPU
		{B96AF8FE-6275-4065-B5C0-F8BDEC1B8A02}.Release|Any CPU.ActiveCfg = Release|Any CPU
		{B96AF8FE-6275-4065-B5C0-F8BDEC1B8A02}.Release|Any CPU.Build.0 = Release|Any CPU
		{B96AF8FE-6275-4065-B5C0-F8BDEC1B8A02}.Release|x64.ActiveCfg = Release|Any CPU
		{B96AF8FE-6275-4065-B5C0-F8BDEC1B8A02}.Release|x64.Build.0 = Release|Any CPU
		{B96AF8FE-6275-4065-B5C0-F8BDEC1B8A02}.Release|x86.ActiveCfg = Release|Any CPU
		{B96AF8FE-6275-4065-B5C0-F8BDEC1B8A02}.Release|x86.Build.0 = Release|Any CPU
		{73535DAA-410C-4FA1-A941-A473C765AB1F}.Debug|Any CPU.ActiveCfg = Debug|Any CPU
		{73535DAA-410C-4FA1-A941-A473C765AB1F}.Debug|Any CPU.Build.0 = Debug|Any CPU
		{73535DAA-410C-4FA1-A941-A473C765AB1F}.Debug|x64.ActiveCfg = Debug|Any CPU
		{73535DAA-410C-4FA1-A941-A473C765AB1F}.Debug|x64.Build.0 = Debug|Any CPU
		{73535DAA-410C-4FA1-A941-A473C765AB1F}.Debug|x86.ActiveCfg = Debug|Any CPU
		{73535DAA-410C-4FA1-A941-A473C765AB1F}.Debug|x86.Build.0 = Debug|Any CPU
		{73535DAA-410C-4FA1-A941-A473C765AB1F}.Release|Any CPU.ActiveCfg = Release|Any CPU
		{73535DAA-410C-4FA1-A941-A473C765AB1F}.Release|Any CPU.Build.0 = Release|Any CPU
		{73535DAA-410C-4FA1-A941-A473C765AB1F}.Release|x64.ActiveCfg = Release|Any CPU
		{73535DAA-410C-4FA1-A941-A473C765AB1F}.Release|x64.Build.0 = Release|Any CPU
		{73535DAA-410C-4FA1-A941-A473C765AB1F}.Release|x86.ActiveCfg = Release|Any CPU
		{73535DAA-410C-4FA1-A941-A473C765AB1F}.Release|x86.Build.0 = Release|Any CPU
		{9A722E40-3E87-4E62-B9BA-F676C803BD21}.Debug|Any CPU.ActiveCfg = Debug|Any CPU
		{9A722E40-3E87-4E62-B9BA-F676C803BD21}.Debug|Any CPU.Build.0 = Debug|Any CPU
		{9A722E40-3E87-4E62-B9BA-F676C803BD21}.Debug|x64.ActiveCfg = Debug|Any CPU
		{9A722E40-3E87-4E62-B9BA-F676C803BD21}.Debug|x64.Build.0 = Debug|Any CPU
		{9A722E40-3E87-4E62-B9BA-F676C803BD21}.Debug|x86.ActiveCfg = Debug|Any CPU
		{9A722E40-3E87-4E62-B9BA-F676C803BD21}.Debug|x86.Build.0 = Debug|Any CPU
		{9A722E40-3E87-4E62-B9BA-F676C803BD21}.Release|Any CPU.ActiveCfg = Release|Any CPU
		{9A722E40-3E87-4E62-B9BA-F676C803BD21}.Release|Any CPU.Build.0 = Release|Any CPU
		{9A722E40-3E87-4E62-B9BA-F676C803BD21}.Release|x64.ActiveCfg = Release|Any CPU
		{9A722E40-3E87-4E62-B9BA-F676C803BD21}.Release|x64.Build.0 = Release|Any CPU
		{9A722E40-3E87-4E62-B9BA-F676C803BD21}.Release|x86.ActiveCfg = Release|Any CPU
		{9A722E40-3E87-4E62-B9BA-F676C803BD21}.Release|x86.Build.0 = Release|Any CPU
	EndGlobalSection
	GlobalSection(SolutionProperties) = preSolution
		HideSolutionNode = FALSE
	EndGlobalSection
EndGlobal
